
Microsoft Visual Studio Solution File, Format Version 12.00
# Visual Studio Version 18
VisualStudioVersion = 18.4.11612.150
MinimumVisualStudioVersion = 10.0.40219.1
Project("{8BC9CEB8-8B4A-11D0-8D11-00A0C91BC942}") = "ExamWatchedArchiver", "ExamWatchedArchiver\ExamWatchedArchiver.vcxproj", "{485AD44C-FFB3-4B8D-B19D-607846010CB4}"
EndProject
Project("{FAE04EC0-301F-11D3-BF4B-00C04F79EFBC}") = "BilibiliMobileDownloadProcessor", "BilibiliMobileDownloadProcessor\BilibiliMobileDownloadProcessor.csproj", "{47B56728-B0E3-F2F1-D8CC-C3B54369A111}"
EndProject
Project("{8BC9CEB8-8B4A-11D0-8D11-00A0C91BC942}") = "FindPicInVideos", "FindPicInVideos\FindPicInVideos.vcxproj", "{FAAD7A0C-3B5F-4055-A3A7-F617334FC397}"
EndProject
Project("{FAE04EC0-301F-11D3-BF4B-00C04F79EFBC}") = "MngrHelper", "MngrHelper\MngrHelper.csproj", "{28C9938D-B71F-4A8D-8976-8E4B639F4211}"
EndProject
Project("{FAE04EC0-301F-11D3-BF4B-00C04F79EFBC}") = "MngrHelperTest", "MngrHelperTest\MngrHelperTest.csproj", "{96360988-0A4D-4AA1-B297-6131622C3B8E}"
EndProject
Project("{8BC9CEB8-8B4A-11D0-8D11-00A0C91BC942}") = "MngrCore", "MngrCore\MngrCore.vcxitems", "{E83F59DD-CE88-4A1D-8043-57701FCE1C31}"
EndProject
Global
	GlobalSection(SolutionConfigurationPlatforms) = preSolution
		Debug|Any CPU = Debug|Any CPU
		Debug|x64 = Debug|x64
		Debug|x86 = Debug|x86
		Release|Any CPU = Release|Any CPU
		Release|x64 = Release|x64
		Release|x86 = Release|x86
	EndGlobalSection
	GlobalSection(ProjectConfigurationPlatforms) = postSolution
		{485AD44C-FFB3-4B8D-B19D-607846010CB4}.Debug|Any CPU.ActiveCfg = Debug|x64
		{485AD44C-FFB3-4B8D-B19D-607846010CB4}.Debug|Any CPU.Build.0 = Debug|x64
		{485AD44C-FFB3-4B8D-B19D-607846010CB4}.Debug|x64.ActiveCfg = Debug|x64
		{485AD44C-FFB3-4B8D-B19D-607846010CB4}.Debug|x64.Build.0 = Debug|x64
		{485AD44C-FFB3-4B8D-B19D-607846010CB4}.Debug|x86.ActiveCfg = Debug|Win32
		{485AD44C-FFB3-4B8D-B19D-607846010CB4}.Debug|x86.Build.0 = Debug|Win32
		{485AD44C-FFB3-4B8D-B19D-607846010CB4}.Release|Any CPU.ActiveCfg = Release|x64
		{485AD44C-FFB3-4B8D-B19D-607846010CB4}.Release|Any CPU.Build.0 = Release|x64
		{485AD44C-FFB3-4B8D-B19D-607846010CB4}.Release|x64.ActiveCfg = Release|x64
		{485AD44C-FFB3-4B8D-B19D-607846010CB4}.Release|x64.Build.0 = Release|x64
		{485AD44C-FFB3-4B8D-B19D-607846010CB4}.Release|x86.ActiveCfg = Release|Win32
		{485AD44C-FFB3-4B8D-B19D-607846010CB4}.Release|x86.Build.0 = Release|Win32
		{47B56728-B0E3-F2F1-D8CC-C3B54369A111}.Debug|Any CPU.ActiveCfg = Debug|Any CPU
		{47B56728-B0E3-F2F1-D8CC-C3B54369A111}.Debug|Any CPU.Build.0 = Debug|Any CPU
		{47B56728-B0E3-F2F1-D8CC-C3B54369A111}.Debug|x64.ActiveCfg = Debug|Any CPU
		{47B56728-B0E3-F2F1-D8CC-C3B54369A111}.Debug|x64.Build.0 = Debug|Any CPU
		{47B56728-B0E3-F2F1-D8CC-C3B54369A111}.Debug|x86.ActiveCfg = Debug|Any CPU
		{47B56728-B0E3-F2F1-D8CC-C3B54369A111}.Debug|x86.Build.0 = Debug|Any CPU
		{47B56728-B0E3-F2F1-D8CC-C3B54369A111}.Release|Any CPU.ActiveCfg = Release|Any CPU
		{47B56728-B0E3-F2F1-D8CC-C3B54369A111}.Release|Any CPU.Build.0 = Release|Any CPU
		{47B56728-B0E3-F2F1-D8CC-C3B54369A111}.Release|x64.ActiveCfg = Release|Any CPU
		{47B56728-B0E3-F2F1-D8CC-C3B54369A111}.Release|x64.Build.0 = Release|Any CPU
		{47B56728-B0E3-F2F1-D8CC-C3B54369A111}.Release|x86.ActiveCfg = Release|Any CPU
		{47B56728-B0E3-F2F1-D8CC-C3B54369A111}.Release|x86.Build.0 = Release|Any CPU
		{FAAD7A0C-3B5F-4055-A3A7-F617334FC397}.Debug|Any CPU.ActiveCfg = Debug|x64
		{FAAD7A0C-3B5F-4055-A3A7-F617334FC397}.Debug|Any CPU.Build.0 = Debug|x64
		{FAAD7A0C-3B5F-4055-A3A7-F617334FC397}.Debug|x64.ActiveCfg = Debug|x64
		{FAAD7A0C-3B5F-4055-A3A7-F617334FC397}.Debug|x64.Build.0 = Debug|x64
		{FAAD7A0C-3B5F-4055-A3A7-F617334FC397}.Debug|x86.ActiveCfg = Debug|Win32
		{FAAD7A0C-3B5F-4055-A3A7-F617334FC397}.Debug|x86.Build.0 = Debug|Win32
		{FAAD7A0C-3B5F-4055-A3A7-F617334FC397}.Release|Any CPU.ActiveCfg = Release|x64
		{FAAD7A0C-3B5F-4055-A3A7-F617334FC397}.Release|Any CPU.Build.0 = Release|x64
		{FAAD7A0C-3B5F-4055-A3A7-F617334FC397}.Release|x64.ActiveCfg = Release|x64
		{FAAD7A0C-3B5F-4055-A3A7-F617334FC397}.Release|x64.Build.0 = Release|x64
		{FAAD7A0C-3B5F-4055-A3A7-F617334FC397}.Release|x86.ActiveCfg = Release|Win32
		{FAAD7A0C-3B5F-4055-A3A7-F617334FC397}.Release|x86.Build.0 = Release|Win32
		{28C9938D-B71F-4A8D-8976-8E4B639F4211}.Debug|Any CPU.ActiveCfg = Debug|Any CPU
		{28C9938D-B71F-4A8D-8976-8E4B639F4211}.Debug|Any CPU.Build.0 = Debug|Any CPU
		{28C9938D-B71F-4A8D-8976-8E4B639F4211}.Debug|x64.ActiveCfg = Debug|Any CPU
		{28C9938D-B71F-4A8D-8976-8E4B639F4211}.Debug|x64.Build.0 = Debug|Any CPU
		{28C9938D-B71F-4A8D-8976-8E4B639F4211}.Debug|x86.ActiveCfg = Debug|Any CPU
		{28C9938D-B71F-4A8D-8976-8E4B639F4211}.Debug|x86.Build.0 = Debug|Any CPU
		{28C9938D-B71F-4A8D-8976-8E4B639F4211}.Release|Any CPU.ActiveCfg = Release|Any CPU
		{28C9938D-B71F-4A8D-8976-8E4B639F4211}.Release|Any CPU.Build.0 = Release|Any CPU
		{28C9938D-B71F-4A8D-8976-8E4B639F4211}.Release|x64.ActiveCfg = Release|Any CPU
		{28C9938D-B71F-4A8D-8976-8E4B639F4211}.Release|x64.Build.0 = Release|Any CPU
		{28C9938D-B71F-4A8D-8976-8E4B639F4211}.Release|x86.ActiveCfg = Release|Any CPU
		{28C9938D-B71F-4A8D-8976-8E4B639F4211}.Release|x86.Build.0 = Release|Any CPU
		{96360988-0A4D-4AA1-B297-6131622C3B8E}.Debug|Any CPU.ActiveCfg = Debug|Any CPU
		{96360988-0A4D-4AA1-B297-6131622C3B8E}.Debug|Any CPU.Build.0 = Debug|Any CPU
		{96360988-0A4D-4AA1-B297-6131622C3B8E}.Debug|x64.ActiveCfg = Debug|Any CPU
		{96360988-0A4D-4AA1-B297-6131622C3B8E}.Debug|x64.Build.0 = Debug|Any CPU
		{96360988-0A4D-4AA1-B297-6131622C3B8E}.Debug|x86.ActiveCfg = Debug|Any CPU
		{96360988-0A4D-4AA1-B297-6131622C3B8E}.Debug|x86.Build.0 = Debug|Any CPU
		{96360988-0A4D-4AA1-B297-6131622C3B8E}.Release|Any CPU.ActiveCfg = Release|Any CPU
		{96360988-0A4D-4AA1-B297-6131622C3B8E}.Release|Any CPU.Build.0 = Release|Any CPU
		{96360988-0A4D-4AA1-B297-6131622C3B8E}.Release|x64.ActiveCfg = Release|Any CPU
		{96360988-0A4D-4AA1-B297-6131622C3B8E}.Release|x64.Build.0 = Release|Any CPU
		{96360988-0A4D-4AA1-B297-6131622C3B8E}.Release|x86.ActiveCfg = Release|Any CPU
		{96360988-0A4D-4AA1-B297-6131622C3B8E}.Release|x86.Build.0 = Release|Any CPU
	EndGlobalSection
	GlobalSection(SolutionProperties) = preSolution
		HideSolutionNode = FALSE
	EndGlobalSection
	GlobalSection(ExtensibilityGlobals) = postSolution
		SolutionGuid = {FA5C782F-04B5-48AD-8827-2B80D8278F27}
	EndGlobalSection
EndGlobal
